// !$*UTF8*$!
{
	archiveVersion = 1;
	classes = {
	};
	objectVersion = 77;
	objects = {

/* Begin PBXContainerItemProxy section */
		FC20AEB830567DE8001D1B01 /* PBXContainerItemProxy */ = {
			isa = PBXContainerItemProxy;
			containerPortal = FC20AEA230567DE5001D1B01 /* Project object */;
			proxyType = 1;
			remoteGlobalIDString = FC20AEA930567DE5001D1B01;
			remoteInfo = "Adhan-Alarme";
		};
		FC20AEC230567DE8001D1B01 /* PBXContainerItemProxy */ = {
			isa = PBXContainerItemProxy;
			containerPortal = FC20AEA230567DE5001D1B01 /* Project object */;
			proxyType = 1;
			remoteGlobalIDString = FC20AEA930567DE5001D1B01;
			remoteInfo = "Adhan-Alarme";
		};
/* End PBXContainerItemProxy section */

/* Begin PBXFileReference section */
		FC20AEAA30567DE5001D1B01 /* Adhan-Alarme.app */ = {isa = PBXFileReference; explicitFileType = wrapper.application; includeInIndex = 0; path = "Adhan-Alarme.app"; sourceTree = BUILT_PRODUCTS_DIR; };
		FC20AEB730567DE8001D1B01 /* Adhan-AlarmeTests.xctest */ = {isa = PBXFileReference; explicitFileType = wrapper.cfbundle; includeInIndex = 0; path = "Adhan-AlarmeTests.xctest"; sourceTree = BUILT_PRODUCTS_DIR; };
		FC20AEC130567DE8001D1B01 /* Adhan-AlarmeUITests.xctest */ = {isa = PBXFileReference; explicitFileType = wrapper.cfbundle; includeInIndex = 0; path = "Adhan-AlarmeUITests.xctest"; sourceTree = BUILT_PRODUCTS_DIR; };
/* End PBXFileReference section */

/* Begin PBXFileSystemSynchronizedRootGroup section */
		FC20AEAC30567DE5001D1B01 /* Adhan-Alarme */ = {
			isa = PBXFileSystemSynchronizedRootGroup;
			path = "Adhan-Alarme";
			sourceTree = "<group>";
		};
		FC20AEBA30567DE8001D1B01 /* Adhan-AlarmeTests */ = {
			isa = PBXFileSystemSynchronizedRootGroup;
			path = "Adhan-AlarmeTests";
			sourceTree = "<group>";
		};
		FC20AEC430567DE8001D1B01 /* Adhan-AlarmeUITests */ = {
			isa = PBXFileSystemSynchronizedRootGroup;
			path = "Adhan-AlarmeUITests";
			sourceTree = "<group>";
		};
/* End PBXFileSystemSynchronizedRootGroup section */

/* Begin PBXFrameworksBuildPhase section */
		FC20AEA730567DE5001D1B01 /* Frameworks */ = {
			isa = PBXFrameworksBuildPhase;
			buildActionMask = 2147483647;
			files = (
			);
			runOnlyForDeploymentPostprocessing = 0;
		};
		FC20AEB430567DE8001D1B01 /* Frameworks */ = {
			isa = PBXFrameworksBuildPhase;
			buildActionMask = 2147483647;
			files = (
			);
			runOnlyForDeploymentPostprocessing = 0;
		};
		FC20AEBE30567DE8001D1B01 /* Frameworks */ = {
			isa = PBXFrameworksBuildPhase;
			buildActionMask = 2147483647;
			files = (
			);
			runOnlyForDeploymentPostprocessing = 0;
		};
/* End PBXFrameworksBuildPhase section */

/* Begin PBXGroup section */
		FC20AEA130567DE5001D1B01 = {
			isa = PBXGroup;
			children = (
				FC20AEAC30567DE5001D1B01 /* Adhan-Alarme */,
				FC20AEBA30567DE8001D1B01 /* Adhan-AlarmeTests */,
				FC20AEC430567DE8001D1B01 /* Adhan-AlarmeUITests */,
				FC20AEAB30567DE5001D1B01 /* Products */,
			);
			sourceTree = "<group>";
		};
		FC20AEAB30567DE5001D1B01 /* Products */ = {
			isa = PBXGroup;
			children = (
				FC20AEAA30567DE5001D1B01 /* Adhan-Alarme.app */,
				FC20AEB730567DE8001D1B01 /* Adhan-AlarmeTests.xctest */,
				FC20AEC130567DE8001D1B01 /* Adhan-AlarmeUITests.xctest */,
			);
			name = Products;
			sourceTree = "<group>";
		};
/* End PBXGroup section */

/* Begin PBXNativeTarget section */
		FC20AEA930567DE5001D1B01 /* Adhan-Alarme */ = {
			isa = PBXNativeTarget;
			buildConfigurationList = FC20AECB30567DE8001D1B01 /* Build configuration list for PBXNativeTarget "Adhan-Alarme" */;
			buildPhases = (
				FC20AEA630567DE5001D1B01 /* Sources */,
				FC20AEA730567DE5001D1B01 /* Frameworks */,
				FC20AEA830567DE5001D1B01 /* Resources */,
			);
			buildRules = (
			);
			dependencies = (
			);
			fileSystemSynchronizedGroups = (
				FC20AEAC30567DE5001D1B01 /* Adhan-Alarme */,
			);
			name = "Adhan-Alarme";
			packageProductDependencies = (
			);
			productName = "Adhan-Alarme";
			productReference = FC20AEAA30567DE5001D1B01 /* Adhan-Alarme.app */;
			productType = "com.apple.product-type.application";
		};
		FC20AEB630567DE8001D1B01 /* Adhan-AlarmeTests */ = {
			isa = PBXNativeTarget;
			buildConfigurationList = FC20AECE30567DE8001D1B01 /* Build configuration list for PBXNativeTarget "Adhan-AlarmeTests" */;
			buildPhases = (
				FC20AEB330567DE8001D1B01 /* Sources */,
				FC20AEB430567DE8001D1B01 /* Frameworks */,
				FC20AEB530567DE8001D1B01 /* Resources */,
			);
			buildRules = (
			);
			dependencies = (
				FC20AEB930567DE8001D1B01 /* PBXTargetDependency */,
			);
			fileSystemSynchronizedGroups = (
				FC20AEBA30567DE8001D1B01 /* Adhan-AlarmeTests */,
			);
			name = "Adhan-AlarmeTests";
			packageProductDependencies = (
			);
			productName = "Adhan-AlarmeTests";
			productReference = FC20AEB730567DE8001D1B01 /* Adhan-AlarmeTests.xctest */;
			productType = "com.apple.product-type.bundle.unit-test";
		};
		FC20AEC030567DE8001D1B01 /* Adhan-AlarmeUITests */ = {
			isa = PBXNativeTarget;
			buildConfigurationList = FC20AED130567DE8001D1B01 /* Build configuration list for PBXNativeTarget "Adhan-AlarmeUITests" */;
			buildPhases = (
				FC20AEBD30567DE8001D1B01 /* Sources */,
				FC20AEBE30567DE8001D1B01 /* Frameworks */,
				FC20AEBF30567DE8001D1B01 /* Resources */,
			);
			buildRules = (
			);
			dependencies = (
				FC20AEC330567DE8001D1B01 /* PBXTargetDependency */,
			);
			fileSystemSynchronizedGroups = (
				FC20AEC430567DE8001D1B01 /* Adhan-AlarmeUITests */,
			);
			name = "Adhan-AlarmeUITests";
			packageProductDependencies = (
			);
			productName = "Adhan-AlarmeUITests";
			productReference = FC20AEC130567DE8001D1B01 /* Adhan-AlarmeUITests.xctest */;
			productType = "com.apple.product-type.bundle.ui-testing";
		};
/* End PBXNativeTarget section */

/* Begin PBXProject section */
		FC20AEA230567DE5001D1B01 /* Project object */ = {
			isa = PBXProject;
			attributes = {
				BuildIndependentTargetsInParallel = 1;
				LastSwiftUpdateCheck = 2650;
				LastUpgradeCheck = 2650;
				TargetAttributes = {
					FC20AEA930567DE5001D1B01 = {
						CreatedOnToolsVersion = 26.5;
					};
					FC20AEB630567DE8001D1B01 = {
						CreatedOnToolsVersion = 26.5;
						TestTargetID = FC20AEA930567DE5001D1B01;
					};
					FC20AEC030567DE8001D1B01 = {
						CreatedOnToolsVersion = 26.5;
						TestTargetID = FC20AEA930567DE5001D1B01;
					};
				};
			};
			buildConfigurationList = FC20AEA530567DE5001D1B01 /* Build configuration list for PBXProject "Adhan-Alarme" */;
			developmentRegion = en;
			hasScannedForEncodings = 0;
			knownRegions = (
				en,
				Base,
			);
			mainGroup = FC20AEA130567DE5001D1B01;
			minimizedProjectReferenceProxies = 1;
			preferredProjectObjectVersion = 77;
			productRefGroup = FC20AEAB30567DE5001D1B01 /* Products */;
			projectDirPath = "";
			projectRoot = "";
			targets = (
				FC20AEA930567DE5001D1B01 /* Adhan-Alarme */,
				FC20AEB630567DE8001D1B01 /* Adhan-AlarmeTests */,
				FC20AEC030567DE8001D1B01 /* Adhan-AlarmeUITests */,
			);
		};
/* End PBXProject section */

/* Begin PBXResourcesBuildPhase section */
		FC20AEA830567DE5001D1B01 /* Resources */ = {
			isa = PBXResourcesBuildPhase;
			buildActionMask = 2147483647;
			files = (
			);
			runOnlyForDeploymentPostprocessing = 0;
		};
		FC20AEB530567DE8001D1B01 /* Resources */ = {
			isa = PBXResourcesBuildPhase;
			buildActionMask = 2147483647;
			files = (
			);
			runOnlyForDeploymentPostprocessing = 0;
		};
		FC20AEBF30567DE8001D1B01 /* Resources */ = {
			isa = PBXResourcesBuildPhase;
			buildActionMask = 2147483647;
			files = (
			);
			runOnlyForDeploymentPostprocessing = 0;
		};
/* End PBXResourcesBuildPhase section */

/* Begin PBXSourcesBuildPhase section */
		FC20AEA630567DE5001D1B01 /* Sources */ = {
			isa = PBXSourcesBuildPhase;
			buildActionMask = 2147483647;
			files = (
			);
			runOnlyForDeploymentPostprocessing = 0;
		};
		FC20AEB330567DE8001D1B01 /* Sources */ = {
			isa = PBXSourcesBuildPhase;
			buildActionMask = 2147483647;
			files = (
			);
			runOnlyForDeploymentPostprocessing = 0;
		};
		FC20AEBD30567DE8001D1B01 /* Sources */ = {
			isa = PBXSourcesBuildPhase;
			buildActionMask = 2147483647;
			files = (
			);
			runOnlyForDeploymentPostprocessing = 0;
		};
/* End PBXSourcesBuildPhase section */

/* Begin PBXTargetDependency section */
		FC20AEB930567DE8001D1B01 /* PBXTargetDependency */ = {
			isa = PBXTargetDependency;
			target = FC20AEA930567DE5001D1B01 /* Adhan-Alarme */;
			targetProxy = FC20AEB830567DE8001D1B01 /* PBXContainerItemProxy */;
		};
		FC20AEC330567DE8001D1B01 /* PBXTargetDependency */ = {
			isa = PBXTargetDependency;
			target = FC20AEA930567DE5001D1B01 /* Adhan-Alarme */;
			targetProxy = FC20AEC230567DE8001D1B01 /* PBXContainerItemProxy */;
		};
/* End PBXTargetDependency section */

/* Begin XCBuildConfiguration section */
		FC20AEC930567DE8001D1B01 /* Debug */ = {
			isa = XCBuildConfiguration;
			buildSettings = {
				ALWAYS_SEARCH_USER_PATHS = NO;
				ASSETCATALOG_COMPILER_GENERATE_SWIFT_ASSET_SYMBOL_EXTENSIONS = YES;
				CLANG_ANALYZER_NONNULL = YES;
				CLANG_ANALYZER_NUMBER_OBJECT_CONVERSION = YES_AGGRESSIVE;
				CLANG_CXX_LANGUAGE_STANDARD = "gnu++20";
				CLANG_ENABLE_MODULES = YES;
				CLANG_ENABLE_OBJC_ARC = YES;
				CLANG_ENABLE_OBJC_WEAK = YES;
				CLANG_WARN_BLOCK_CAPTURE_AUTORELEASING = YES;
				CLANG_WARN_BOOL_CONVERSION = YES;
				CLANG_WARN_COMMA = YES;
				CLANG_WARN_CONSTANT_CONVERSION = YES;
				CLANG_WARN_DEPRECATED_OBJC_IMPLEMENTATIONS = YES;
				CLANG_WARN_DIRECT_OBJC_ISA_USAGE = YES_ERROR;
				CLANG_WARN_DOCUMENTATION_COMMENTS = YES;
				CLANG_WARN_EMPTY_BODY = YES;
				CLANG_WARN_ENUM_CONVERSION = YES;
				CLANG_WARN_INFINITE_RECURSION = YES;
				CLANG_WARN_INT_CONVERSION = YES;
				CLANG_WARN_NON_LITERAL_NULL_CONVERSION = YES;
				CLANG_WARN_OBJC_IMPLICIT_RETAIN_SELF = YES;
				CLANG_WARN_OBJC_LITERAL_CONVERSION = YES;
				CLANG_WARN_OBJC_ROOT_CLASS = YES_ERROR;
				CLANG_WARN_QUOTED_INCLUDE_IN_FRAMEWORK_HEADER = YES;
				CLANG_WARN_RANGE_LOOP_ANALYSIS = YES;
				CLANG_WARN_STRICT_PROTOTYPES = YES;
				CLANG_WARN_SUSPICIOUS_MOVE = YES;
				CLANG_WARN_UNGUARDED_AVAILABILITY = YES_AGGRESSIVE;
				CLANG_WARN_UNREACHABLE_CODE = YES;
				CLANG_WARN__DUPLICATE_METHOD_MATCH = YES;
				COPY_PHASE_STRIP = NO;
				DEBUG_INFORMATION_FORMAT = dwarf;
				DEVELOPMENT_TEAM = 6YB7XZ3S2Q;
				ENABLE_STRICT_OBJC_MSGSEND = YES;
				ENABLE_TESTABILITY = YES;
				ENABLE_USER_SCRIPT_SANDBOXING = YES;
				GCC_C_LANGUAGE_STANDARD = gnu17;
				GCC_DYNAMIC_NO_PIC = NO;
				GCC_NO_COMMON_BLOCKS = YES;
				GCC_OPTIMIZATION_LEVEL = 0;
				GCC_PREPROCESSOR_DEFINITIONS = (
					"DEBUG=1",
					"$(inherited)",
				);
				GCC_WARN_64_TO_32_BIT_CONVERSION = YES;
				GCC_WARN_ABOUT_RETURN_TYPE = YES_ERROR;
				GCC_WARN_UNDECLARED_SELECTOR = YES;
				GCC_WARN_UNINITIALIZED_AUTOS = YES_AGGRESSIVE;
				GCC_WARN_UNUSED_FUNCTION = YES;
				GCC_WARN_UNUSED_VARIABLE = YES;
				IPHONEOS_DEPLOYMENT_TARGET = 26.5;
				LOCALIZATION_PREFERS_STRING_CATALOGS = YES;
				MTL_ENABLE_DEBUG_INFO = INCLUDE_SOURCE;
				MTL_FAST_MATH = YES;
				ONLY_ACTIVE_ARCH = YES;
				SDKROOT = iphoneos;
				SWIFT_ACTIVE_COMPILATION_CONDITIONS = "DEBUG $(inherited)";
				SWIFT_OPTIMIZATION_LEVEL = "-Onone";
			};
			name = Debug;
		};
		FC20AECA30567DE8001D1B01 /* Release */ = {
			isa = XCBuildConfiguration;
			buildSettings = {
				ALWAYS_SEARCH_USER_PATHS = NO;
				ASSETCATALOG_COMPILER_GENERATE_SWIFT_ASSET_SYMBOL_EXTENSIONS = YES;
				CLANG_ANALYZER_NONNULL = YES;
				CLANG_ANALYZER_NUMBER_OBJECT_CONVERSION = YES_AGGRESSIVE;
				CLANG_CXX_LANGUAGE_STANDARD = "gnu++20";
				CLANG_ENABLE_MODULES = YES;
				CLANG_ENABLE_OBJC_ARC = YES;
				CLANG_ENABLE_OBJC_WEAK = YES;
				CLANG_WARN_BLOCK_CAPTURE_AUTORELEASING = YES;
				CLANG_WARN_BOOL_CONVERSION = YES;
				CLANG_WARN_COMMA = YES;
				CLANG_WARN_CONSTANT_CONVERSION = YES;
				CLANG_WARN_DEPRECATED_OBJC_IMPLEMENTATIONS = YES;
				CLANG_WARN_DIRECT_OBJC_ISA_USAGE = YES_ERROR;
				CLANG_WARN_DOCUMENTATION_COMMENTS = YES;
				CLANG_WARN_EMPTY_BODY = YES;
				CLANG_WARN_ENUM_CONVERSION = YES;
				CLANG_WARN_INFINITE_RECURSION = YES;
				CLANG_WARN_INT_CONVERSION = YES;
				CLANG_WARN_NON_LITERAL_NULL_CONVERSION = YES;
				CLANG_WARN_OBJC_IMPLICIT_RETAIN_SELF = YES;
				CLANG_WARN_OBJC_LITERAL_CONVERSION = YES;
				CLANG_WARN_OBJC_ROOT_CLASS = YES_ERROR;
				CLANG_WARN_QUOTED_INCLUDE_IN_FRAMEWORK_HEADER = YES;
				CLANG_WARN_RANGE_LOOP_ANALYSIS = YES;
				CLANG_WARN_STRICT_PROTOTYPES = YES;
				CLANG_WARN_SUSPICIOUS_MOVE = YES;
				CLANG_WARN_UNGUARDED_AVAILABILITY = YES_AGGRESSIVE;
				CLANG_WARN_UNREACHABLE_CODE = YES;
				CLANG_WARN__DUPLICATE_METHOD_MATCH = YES;
				COPY_PHASE_STRIP = NO;
				DEBUG_INFORMATION_FORMAT = "dwarf-with-dsym";
				DEVELOPMENT_TEAM = 6YB7XZ3S2Q;
				ENABLE_NS_ASSERTIONS = NO;
				ENABLE_STRICT_OBJC_MSGSEND = YES;
				ENABLE_USER_SCRIPT_SANDBOXING = YES;
				GCC_C_LANGUAGE_STANDARD = gnu17;
				GCC_NO_COMMON_BLOCKS = YES;
				GCC_WARN_64_TO_32_BIT_CONVERSION = YES;
				GCC_WARN_ABOUT_RETURN_TYPE = YES_ERROR;
				GCC_WARN_UNDECLARED_SELECTOR = YES;
				GCC_WARN_UNINITIALIZED_AUTOS = YES_AGGRESSIVE;
				GCC_WARN_UNUSED_FUNCTION = YES;
				GCC_WARN_UNUSED_VARIABLE = YES;
				IPHONEOS_DEPLOYMENT_TARGET = 26.5;
				LOCALIZATION_PREFERS_STRING_CATALOGS = YES;
				MTL_ENABLE_DEBUG_INFO = NO;
				MTL_FAST_MATH = YES;
				SDKROOT = iphoneos;
				SWIFT_COMPILATION_MODE = wholemodule;
				VALIDATE_PRODUCT = YES;
			};
			name = Release;
		};
		FC20AECC30567DE8001D1B01 /* Debug */ = {
			isa = XCBuildConfiguration;
			buildSettings = {
				ASSETCATALOG_COMPILER_APPICON_NAME = AppIcon;
				ASSETCATALOG_COMPILER_GLOBAL_ACCENT_COLOR_NAME = AccentColor;
				CODE_SIGN_STYLE = Automatic;
				CURRENT_PROJECT_VERSION = 1;
				DEVELOPMENT_TEAM = 6YB7XZ3S2Q;
				ENABLE_PREVIEWS = YES;
				GENERATE_INFOPLIST_FILE = YES;
				INFOPLIST_KEY_UIApplicationSceneManifest_Generation = YES;
				INFOPLIST_KEY_UIApplicationSupportsIndirectInputEvents = YES;
				INFOPLIST_KEY_UILaunchScreen_Generation = NO;
				INFOPLIST_KEY_UILaunchStoryboardName = LaunchScreen;
				INFOPLIST_KEY_NSLocationWhenInUseUsageDescription = "Nous utilisons votre position uniquement pour calculer les horaires de prière de votre ville.";
				INFOPLIST_KEY_UIBackgroundModes = "audio";
				INFOPLIST_KEY_UISupportedInterfaceOrientations_iPad = "UIInterfaceOrientationPortrait UIInterfaceOrientationPortraitUpsideDown UIInterfaceOrientationLandscapeLeft UIInterfaceOrientationLandscapeRight";
				INFOPLIST_KEY_UISupportedInterfaceOrientations_iPhone = "UIInterfaceOrientationPortrait UIInterfaceOrientationLandscapeLeft UIInterfaceOrientationLandscapeRight";
				LD_RUNPATH_SEARCH_PATHS = (
					"$(inherited)",
					"@executable_path/Frameworks",
				);
				MARKETING_VERSION = 1.0;
				PRODUCT_BUNDLE_IDENTIFIER = "Massinissa.Adhan-Alarme";
				PRODUCT_NAME = "$(TARGET_NAME)";
				STRING_CATALOG_GENERATE_SYMBOLS = YES;
				SWIFT_APPROACHABLE_CONCURRENCY = YES;
				SWIFT_DEFAULT_ACTOR_ISOLATION = MainActor;
				SWIFT_EMIT_LOC_STRINGS = YES;
				SWIFT_UPCOMING_FEATURE_MEMBER_IMPORT_VISIBILITY = YES;
				SWIFT_VERSION = 6.0;
				TARGETED_DEVICE_FAMILY = "1,2";
			};
			name = Debug;
		};
		FC20AECD30567DE8001D1B01 /* Release */ = {
			isa = XCBuildConfiguration;
			buildSettings = {
				ASSETCATALOG_COMPILER_APPICON_NAME = AppIcon;
				ASSETCATALOG_COMPILER_GLOBAL_ACCENT_COLOR_NAME = AccentColor;
				CODE_SIGN_STYLE = Automatic;
				CURRENT_PROJECT_VERSION = 1;
				DEVELOPMENT_TEAM = 6YB7XZ3S2Q;
				ENABLE_PREVIEWS = YES;
				GENERATE_INFOPLIST_FILE = YES;
				INFOPLIST_KEY_UIApplicationSceneManifest_Generation = YES;
				INFOPLIST_KEY_UIApplicationSupportsIndirectInputEvents = YES;
				INFOPLIST_KEY_UILaunchScreen_Generation = NO;
				INFOPLIST_KEY_UILaunchStoryboardName = LaunchScreen;
				INFOPLIST_KEY_NSLocationWhenInUseUsageDescription = "Nous utilisons votre position uniquement pour calculer les horaires de prière de votre ville.";
				INFOPLIST_KEY_UIBackgroundModes = "audio";
				INFOPLIST_KEY_UISupportedInterfaceOrientations_iPad = "UIInterfaceOrientationPortrait UIInterfaceOrientationPortraitUpsideDown UIInterfaceOrientationLandscapeLeft UIInterfaceOrientationLandscapeRight";
				INFOPLIST_KEY_UISupportedInterfaceOrientations_iPhone = "UIInterfaceOrientationPortrait UIInterfaceOrientationLandscapeLeft UIInterfaceOrientationLandscapeRight";
				LD_RUNPATH_SEARCH_PATHS = (
					"$(inherited)",
					"@executable_path/Frameworks",
				);
				MARKETING_VERSION = 1.0;
				PRODUCT_BUNDLE_IDENTIFIER = "Massinissa.Adhan-Alarme";
				PRODUCT_NAME = "$(TARGET_NAME)";
				STRING_CATALOG_GENERATE_SYMBOLS = YES;
				SWIFT_APPROACHABLE_CONCURRENCY = YES;
				SWIFT_DEFAULT_ACTOR_ISOLATION = MainActor;
				SWIFT_EMIT_LOC_STRINGS = YES;
				SWIFT_UPCOMING_FEATURE_MEMBER_IMPORT_VISIBILITY = YES;
				SWIFT_VERSION = 6.0;
				TARGETED_DEVICE_FAMILY = "1,2";
			};
			name = Release;
		};
		FC20AECF30567DE8001D1B01 /* Debug */ = {
			isa = XCBuildConfiguration;
			buildSettings = {
				BUNDLE_LOADER = "$(TEST_HOST)";
				CODE_SIGN_STYLE = Automatic;
				CURRENT_PROJECT_VERSION = 1;
				DEVELOPMENT_TEAM = 6YB7XZ3S2Q;
				GENERATE_INFOPLIST_FILE = YES;
				IPHONEOS_DEPLOYMENT_TARGET = 26.5;
				MARKETING_VERSION = 1.0;
				PRODUCT_BUNDLE_IDENTIFIER = "Massinissa.Adhan-AlarmeTests";
				PRODUCT_NAME = "$(TARGET_NAME)";
				STRING_CATALOG_GENERATE_SYMBOLS = NO;
				SWIFT_APPROACHABLE_CONCURRENCY = YES;
				SWIFT_EMIT_LOC_STRINGS = NO;
				SWIFT_UPCOMING_FEATURE_MEMBER_IMPORT_VISIBILITY = YES;
				SWIFT_VERSION = 6.0;
				TARGETED_DEVICE_FAMILY = "1,2";
				TEST_HOST = "$(BUILT_PRODUCTS_DIR)/Adhan-Alarme.app/$(BUNDLE_EXECUTABLE_FOLDER_PATH)/Adhan-Alarme";
			};
			name = Debug;
		};
		FC20AED030567DE8001D1B01 /* Release */ = {
			isa = XCBuildConfiguration;
			buildSettings = {
				BUNDLE_LOADER = "$(TEST_HOST)";
				CODE_SIGN_STYLE = Automatic;
				CURRENT_PROJECT_VERSION = 1;
				DEVELOPMENT_TEAM = 6YB7XZ3S2Q;
				GENERATE_INFOPLIST_FILE = YES;
				IPHONEOS_DEPLOYMENT_TARGET = 26.5;
				MARKETING_VERSION = 1.0;
				PRODUCT_BUNDLE_IDENTIFIER = "Massinissa.Adhan-AlarmeTests";
				PRODUCT_NAME = "$(TARGET_NAME)";
				STRING_CATALOG_GENERATE_SYMBOLS = NO;
				SWIFT_APPROACHABLE_CONCURRENCY = YES;
				SWIFT_EMIT_LOC_STRINGS = NO;
				SWIFT_UPCOMING_FEATURE_MEMBER_IMPORT_VISIBILITY = YES;
				SWIFT_VERSION = 6.0;
				TARGETED_DEVICE_FAMILY = "1,2";
				TEST_HOST = "$(BUILT_PRODUCTS_DIR)/Adhan-Alarme.app/$(BUNDLE_EXECUTABLE_FOLDER_PATH)/Adhan-Alarme";
			};
			name = Release;
		};
		FC20AED230567DE8001D1B01 /* Debug */ = {
			isa = XCBuildConfiguration;
			buildSettings = {
				CODE_SIGN_STYLE = Automatic;
				CURRENT_PROJECT_VERSION = 1;
				DEVELOPMENT_TEAM = 6YB7XZ3S2Q;
				GENERATE_INFOPLIST_FILE = YES;
				MARKETING_VERSION = 1.0;
				PRODUCT_BUNDLE_IDENTIFIER = "Massinissa.Adhan-AlarmeUITests";
				PRODUCT_NAME = "$(TARGET_NAME)";
				STRING_CATALOG_GENERATE_SYMBOLS = NO;
				SWIFT_APPROACHABLE_CONCURRENCY = YES;
				SWIFT_EMIT_LOC_STRINGS = NO;
				SWIFT_UPCOMING_FEATURE_MEMBER_IMPORT_VISIBILITY = YES;
				SWIFT_VERSION = 6.0;
				TARGETED_DEVICE_FAMILY = "1,2";
				TEST_TARGET_NAME = "Adhan-Alarme";
			};
			name = Debug;
		};
		FC20AED330567DE8001D1B01 /* Release */ = {
			isa = XCBuildConfiguration;
			buildSettings = {
				CODE_SIGN_STYLE = Automatic;
				CURRENT_PROJECT_VERSION = 1;
				DEVELOPMENT_TEAM = 6YB7XZ3S2Q;
				GENERATE_INFOPLIST_FILE = YES;
				MARKETING_VERSION = 1.0;
				PRODUCT_BUNDLE_IDENTIFIER = "Massinissa.Adhan-AlarmeUITests";
				PRODUCT_NAME = "$(TARGET_NAME)";
				STRING_CATALOG_GENERATE_SYMBOLS = NO;
				SWIFT_APPROACHABLE_CONCURRENCY = YES;
				SWIFT_EMIT_LOC_STRINGS = NO;
				SWIFT_UPCOMING_FEATURE_MEMBER_IMPORT_VISIBILITY = YES;
				SWIFT_VERSION = 6.0;
				TARGETED_DEVICE_FAMILY = "1,2";
				TEST_TARGET_NAME = "Adhan-Alarme";
			};
			name = Release;
		};
/* End XCBuildConfiguration section */

/* Begin XCConfigurationList section */
		FC20AEA530567DE5001D1B01 /* Build configuration list for PBXProject "Adhan-Alarme" */ = {
			isa = XCConfigurationList;
			buildConfigurations = (
				FC20AEC930567DE8001D1B01 /* Debug */,
				FC20AECA30567DE8001D1B01 /* Release */,
			);
			defaultConfigurationIsVisible = 0;
			defaultConfigurationName = Release;
		};
		FC20AECB30567DE8001D1B01 /* Build configuration list for PBXNativeTarget "Adhan-Alarme" */ = {
			isa = XCConfigurationList;
			buildConfigurations = (
				FC20AECC30567DE8001D1B01 /* Debug */,
				FC20AECD30567DE8001D1B01 /* Release */,
			);
			defaultConfigurationIsVisible = 0;
			defaultConfigurationName = Release;
		};
		FC20AECE30567DE8001D1B01 /* Build configuration list for PBXNativeTarget "Adhan-AlarmeTests" */ = {
			isa = XCConfigurationList;
			buildConfigurations = (
				FC20AECF30567DE8001D1B01 /* Debug */,
				FC20AED030567DE8001D1B01 /* Release */,
			);
			defaultConfigurationIsVisible = 0;
			defaultConfigurationName = Release;
		};
		FC20AED130567DE8001D1B01 /* Build configuration list for PBXNativeTarget "Adhan-AlarmeUITests" */ = {
			isa = XCConfigurationList;
			buildConfigurations = (
				FC20AED230567DE8001D1B01 /* Debug */,
				FC20AED330567DE8001D1B01 /* Release */,
			);
			defaultConfigurationIsVisible = 0;
			defaultConfigurationName = Release;
		};
/* End XCConfigurationList section */
	};
	rootObject = FC20AEA230567DE5001D1B01 /* Project object */;
}
